// !$*UTF8*$!
{
	archiveVersion = 1;
	classes = {
	};
	objectVersion = 50;
	objects = {

/* Begin PBXBuildFile section */
		7900165A26E545F200453165 /* ZoomVIew.swift in Sources */ = {isa = PBXBuildFile; fileRef = 7900165926E545F200453165 /* ZoomVIew.swift */; };
		795FE21326E39454006EFBCC /* vertretungsplan_pguApp.swift in Sources */ = {isa = PBXBuildFile; fileRef = 795FE21226E39454006EFBCC /* vertretungsplan_pguApp.swift */; };
		795FE21526E39454006EFBCC /* ContentView.swift in Sources */ = {isa = PBXBuildFile; fileRef = 795FE21426E39454006EFBCC /* ContentView.swift */; };
		795FE21726E39458006EFBCC /* Assets.xcassets in Resources */ = {isa = PBXBuildFile; fileRef = 795FE21626E39458006EFBCC /* Assets.xcassets */; };
		795FE21A26E39458006EFBCC /* Preview Assets.xcassets in Resources */ = {isa = PBXBuildFile; fileRef = 795FE21926E39458006EFBCC /* Preview Assets.xcassets */; };
		795FE22526E39459006EFBCC /* vertretungsplan_pguTests.swift in Sources */ = {isa = PBXBuildFile; fileRef = 795FE22426E39459006EFBCC /* vertretungsplan_pguTests.swift */; };
		795FE23026E39459006EFBCC /* vertretungsplan_pguUITests.swift in Sources */ = {isa = PBXBuildFile; fileRef = 795FE22F26E39459006EFBCC /* vertretungsplan_pguUITests.swift */; };
		796DBDF726E3B53F002DD066 /* PlanView.swift in Sources */ = {isa = PBXBuildFile; fileRef = 796DBDF626E3B53F002DD066 /* PlanView.swift */; };
		796DBDF926E3B57F002DD066 /* Utilities.swift in Sources */ = {isa = PBXBuildFile; fileRef = 796DBDF826E3B57F002DD066 /* Utilities.swift */; };
		796DBDFB26E50830002DD066 /* PlanViews.swift in Sources */ = {isa = PBXBuildFile; fileRef = 796DBDFA26E50830002DD066 /* PlanViews.swift */; };
/* End PBXBuildFile section */

/* Begin PBXContainerItemProxy section */
		795FE22126E39459006EFBCC /* PBXContainerItemProxy */ = {
			isa = PBXContainerItemProxy;
			containerPortal = 795FE20726E39454006EFBCC /* Project object */;
			proxyType = 1;
			remoteGlobalIDString = 795FE20E26E39454006EFBCC;
			remoteInfo = "vertretungsplan-pgu";
		};
		795FE22C26E39459006EFBCC /* PBXContainerItemProxy */ = {
			isa = PBXContainerItemProxy;
			containerPortal = 795FE20726E39454006EFBCC /* Project object */;
			proxyType = 1;
			remoteGlobalIDString = 795FE20E26E39454006EFBCC;
			remoteInfo = "vertretungsplan-pgu";
		};
/* End PBXContainerItemProxy section */

/* Begin PBXFileReference section */
		7900165926E545F200453165 /* ZoomVIew.swift */ = {isa = PBXFileReference; lastKnownFileType = sourcecode.swift; path = ZoomVIew.swift; sourceTree = "<group>"; };
		795FE20F26E39454006EFBCC /* vertretungsplan-pgu.app */ = {isa = PBXFileReference; explicitFileType = wrapper.application; includeInIndex = 0; path = "vertretungsplan-pgu.app"; sourceTree = BUILT_PRODUCTS_DIR; };
		795FE21226E39454006EFBCC /* vertretungsplan_pguApp.swift */ = {isa = PBXFileReference; lastKnownFileType = sourcecode.swift; path = vertretungsplan_pguApp.swift; sourceTree = "<group>"; };
		795FE21426E39454006EFBCC /* ContentView.swift */ = {isa = PBXFileReference; lastKnownFileType = sourcecode.swift; path = ContentView.swift; sourceTree = "<group>"; };
		795FE21626E39458006EFBCC /* Assets.xcassets */ = {isa = PBXFileReference; lastKnownFileType = folder.assetcatalog; path = Assets.xcassets; sourceTree = "<group>"; };
		795FE21926E39458006EFBCC /* Preview Assets.xcassets */ = {isa = PBXFileReference; lastKnownFileType = folder.assetcatalog; path = "Preview Assets.xcassets"; sourceTree = "<group>"; };
		795FE21B26E39458006EFBCC /* Info.plist */ = {isa = PBXFileReference; lastKnownFileType = text.plist.xml; path = Info.plist; sourceTree = "<group>"; };
		795FE22026E39459006EFBCC /* vertretungsplan-pguTests.xctest */ = {isa = PBXFileReference; explicitFileType = wrapper.cfbundle; includeInIndex = 0; path = "vertretungsplan-pguTests.xctest"; sourceTree = BUILT_PRODUCTS_DIR; };
		795FE22426E39459006EFBCC /* vertretungsplan_pguTests.swift */ = {isa = PBXFileReference; lastKnownFileType = sourcecode.swift; path = vertretungsplan_pguTests.swift; sourceTree = "<group>"; };
		795FE22626E39459006EFBCC /* Info.plist */ = {isa = PBXFileReference; lastKnownFileType = text.plist.xml; path = Info.plist; sourceTree = "<group>"; };
		795FE22B26E39459006EFBCC /* vertretungsplan-pguUITests.xctest */ = {isa = PBXFileReference; explicitFileType = wrapper.cfbundle; includeInIndex = 0; path = "vertretungsplan-pguUITests.xctest"; sourceTree = BUILT_PRODUCTS_DIR; };
		795FE22F26E39459006EFBCC /* vertretungsplan_pguUITests.swift */ = {isa = PBXFileReference; lastKnownFileType = sourcecode.swift; path = vertretungsplan_pguUITests.swift; sourceTree = "<group>"; };
		795FE23126E39459006EFBCC /* Info.plist */ = {isa = PBXFileReference; lastKnownFileType = text.plist.xml; path = Info.plist; sourceTree = "<group>"; };
		796DBDF626E3B53F002DD066 /* PlanView.swift */ = {isa = PBXFileReference; lastKnownFileType = sourcecode.swift; path = PlanView.swift; sourceTree = "<group>"; };
		796DBDF826E3B57F002DD066 /* Utilities.swift */ = {isa = PBXFileReference; lastKnownFileType = sourcecode.swift; path = Utilities.swift; sourceTree = "<group>"; };
		796DBDFA26E50830002DD066 /* PlanViews.swift */ = {isa = PBXFileReference; lastKnownFileType = sourcecode.swift; path = PlanViews.swift; sourceTree = "<group>"; };
/* End PBXFileReference section */

/* Begin PBXFrameworksBuildPhase section */
		795FE20C26E39454006EFBCC /* Frameworks */ = {
			isa = PBXFrameworksBuildPhase;
			buildActionMask = 2147483647;
			files = (
			);
			runOnlyForDeploymentPostprocessing = 0;
		};
		795FE21D26E39459006EFBCC /* Frameworks */ = {
			isa = PBXFrameworksBuildPhase;
			buildActionMask = 2147483647;
			files = (
			);
			runOnlyForDeploymentPostprocessing = 0;
		};
		795FE22826E39459006EFBCC /* Frameworks */ = {
			isa = PBXFrameworksBuildPhase;
			buildActionMask = 2147483647;
			files = (
			);
			runOnlyForDeploymentPostprocessing = 0;
		};
/* End PBXFrameworksBuildPhase section */

/* Begin PBXGroup section */
		795FE20626E39454006EFBCC = {
			isa = PBXGroup;
			children = (
				795FE21126E39454006EFBCC /* vertretungsplan-pgu */,
				795FE22326E39459006EFBCC /* vertretungsplan-pguTests */,
				795FE22E26E39459006EFBCC /* vertretungsplan-pguUITests */,
				795FE21026E39454006EFBCC /* Products */,
			);
			sourceTree = "<group>";
		};
		795FE21026E39454006EFBCC /* Products */ = {
			isa = PBXGroup;
			children = (
				795FE20F26E39454006EFBCC /* vertretungsplan-pgu.app */,
				795FE22026E39459006EFBCC /* vertretungsplan-pguTests.xctest */,
				795FE22B26E39459006EFBCC /* vertretungsplan-pguUITests.xctest */,
			);
			name = Products;
			sourceTree = "<group>";
		};
		795FE21126E39454006EFBCC /* vertretungsplan-pgu */ = {
			isa = PBXGroup;
			children = (
				795FE21226E39454006EFBCC /* vertretungsplan_pguApp.swift */,
				795FE21426E39454006EFBCC /* ContentView.swift */,
				796DBDF626E3B53F002DD066 /* PlanView.swift */,
				796DBDFA26E50830002DD066 /* PlanViews.swift */,
				795FE21626E39458006EFBCC /* Assets.xcassets */,
				795FE21B26E39458006EFBCC /* Info.plist */,
				795FE21826E39458006EFBCC /* Preview Content */,
				796DBDF826E3B57F002DD066 /* Utilities.swift */,
				7900165926E545F200453165 /* ZoomVIew.swift */,
			);
			path = "vertretungsplan-pgu";
			sourceTree = "<group>";
		};
		795FE21826E39458006EFBCC /* Preview Content */ = {
			isa = PBXGroup;
			children = (
				795FE21926E39458006EFBCC /* Preview Assets.xcassets */,
			);
			path = "Preview Content";
			sourceTree = "<group>";
		};
		795FE22326E39459006EFBCC /* vertretungsplan-pguTests */ = {
			isa = PBXGroup;
			children = (
				795FE22426E39459006EFBCC /* vertretungsplan_pguTests.swift */,
				795FE22626E39459006EFBCC /* Info.plist */,
			);
			path = "vertretungsplan-pguTests";
			sourceTree = "<group>";
		};
		795FE22E26E39459006EFBCC /* vertretungsplan-pguUITests */ = {
			isa = PBXGroup;
			children = (
				795FE22F26E39459006EFBCC /* vertretungsplan_pguUITests.swift */,
				795FE23126E39459006EFBCC /* Info.plist */,
			);
			path = "vertretungsplan-pguUITests";
			sourceTree = "<group>";
		};
/* End PBXGroup section */

/* Begin PBXNativeTarget section */
		795FE20E26E39454006EFBCC /* vertretungsplan-pgu */ = {
			isa = PBXNativeTarget;
			buildConfigurationList = 795FE23426E39459006EFBCC /* Build configuration list for PBXNativeTarget "vertretungsplan-pgu" */;
			buildPhases = (
				795FE20B26E39454006EFBCC /* Sources */,
				795FE20C26E39454006EFBCC /* Frameworks */,
				795FE20D26E39454006EFBCC /* Resources */,
			);
			buildRules = (
			);
			dependencies = (
			);
			name = "vertretungsplan-pgu";
			productName = "vertretungsplan-pgu";
			productReference = 795FE20F26E39454006EFBCC /* vertretungsplan-pgu.app */;
			productType = "com.apple.product-type.application";
		};
		795FE21F26E39459006EFBCC /* vertretungsplan-pguTests */ = {
			isa = PBXNativeTarget;
			buildConfigurationList = 795FE23726E39459006EFBCC /* Build configuration list for PBXNativeTarget "vertretungsplan-pguTests" */;
			buildPhases = (
				795FE21C26E39459006EFBCC /* Sources */,
				795FE21D26E39459006EFBCC /* Frameworks */,
				795FE21E26E39459006EFBCC /* Resources */,
			);
			buildRules = (
			);
			dependencies = (
				795FE22226E39459006EFBCC /* PBXTargetDependency */,
			);
			name = "vertretungsplan-pguTests";
			productName = "vertretungsplan-pguTests";
			productReference = 795FE22026E39459006EFBCC /* vertretungsplan-pguTests.xctest */;
			productType = "com.apple.product-type.bundle.unit-test";
		};
		795FE22A26E39459006EFBCC /* vertretungsplan-pguUITests */ = {
			isa = PBXNativeTarget;
			buildConfigurationList = 795FE23A26E39459006EFBCC /* Build configuration list for PBXNativeTarget "vertretungsplan-pguUITests" */;
			buildPhases = (
				795FE22726E39459006EFBCC /* Sources */,
				795FE22826E39459006EFBCC /* Frameworks */,
				795FE22926E39459006EFBCC /* Resources */,
			);
			buildRules = (
			);
			dependencies = (
				795FE22D26E39459006EFBCC /* PBXTargetDependency */,
			);
			name = "vertretungsplan-pguUITests";
			productName = "vertretungsplan-pguUITests";
			productReference = 795FE22B26E39459006EFBCC /* vertretungsplan-pguUITests.xctest */;
			productType = "com.apple.product-type.bundle.ui-testing";
		};
/* End PBXNativeTarget section */

/* Begin PBXProject section */
		795FE20726E39454006EFBCC /* Project object */ = {
			isa = PBXProject;
			attributes = {
				LastSwiftUpdateCheck = 1250;
				LastUpgradeCheck = 1250;
				TargetAttributes = {
					795FE20E26E39454006EFBCC = {
						CreatedOnToolsVersion = 12.5;
					};
					795FE21F26E39459006EFBCC = {
						CreatedOnToolsVersion = 12.5;
						TestTargetID = 795FE20E26E39454006EFBCC;
					};
					795FE22A26E39459006EFBCC = {
						CreatedOnToolsVersion = 12.5;
						TestTargetID = 795FE20E26E39454006EFBCC;
					};
				};
			};
			buildConfigurationList = 795FE20A26E39454006EFBCC /* Build configuration list for PBXProject "vertretungsplan-pgu" */;
			compatibilityVersion = "Xcode 9.3";
			developmentRegion = en;
			hasScannedForEncodings = 0;
			knownRegions = (
				en,
				Base,
			);
			mainGroup = 795FE20626E39454006EFBCC;
			productRefGroup = 795FE21026E39454006EFBCC /* Products */;
			projectDirPath = "";
			projectRoot = "";
			targets = (
				795FE20E26E39454006EFBCC /* vertretungsplan-pgu */,
				795FE21F26E39459006EFBCC /* vertretungsplan-pguTests */,
				795FE22A26E39459006EFBCC /* vertretungsplan-pguUITests */,
			);
		};
/* End PBXProject section */

/* Begin PBXResourcesBuildPhase section */
		795FE20D26E39454006EFBCC /* Resources */ = {
			isa = PBXResourcesBuildPhase;
			buildActionMask = 2147483647;
			files = (
				795FE21A26E39458006EFBCC /* Preview Assets.xcassets in Resources */,
				795FE21726E39458006EFBCC /* Assets.xcassets in Resources */,
			);
			runOnlyForDeploymentPostprocessing = 0;
		};
		795FE21E26E39459006EFBCC /* Resources */ = {
			isa = PBXResourcesBuildPhase;
			buildActionMask = 2147483647;
			files = (
			);
			runOnlyForDeploymentPostprocessing = 0;
		};
		795FE22926E39459006EFBCC /* Resources */ = {
			isa = PBXResourcesBuildPhase;
			buildActionMask = 2147483647;
			files = (
			);
			runOnlyForDeploymentPostprocessing = 0;
		};
/* End PBXResourcesBuildPhase section */

/* Begin PBXSourcesBuildPhase section */
		795FE20B26E39454006EFBCC /* Sources */ = {
			isa = PBXSourcesBuildPhase;
			buildActionMask = 2147483647;
			files = (
				796DBDF726E3B53F002DD066 /* PlanView.swift in Sources */,
				7900165A26E545F200453165 /* ZoomVIew.swift in Sources */,
				795FE21526E39454006EFBCC /* ContentView.swift in Sources */,
				796DBDFB26E50830002DD066 /* PlanViews.swift in Sources */,
				796DBDF926E3B57F002DD066 /* Utilities.swift in Sources */,
				795FE21326E39454006EFBCC /* vertretungsplan_pguApp.swift in Sources */,
			);
			runOnlyForDeploymentPostprocessing = 0;
		};
		795FE21C26E39459006EFBCC /* Sources */ = {
			isa = PBXSourcesBuildPhase;
			buildActionMask = 2147483647;
			files = (
				795FE22526E39459006EFBCC /* vertretungsplan_pguTests.swift in Sources */,
			);
			runOnlyForDeploymentPostprocessing = 0;
		};
		795FE22726E39459006EFBCC /* Sources */ = {
			isa = PBXSourcesBuildPhase;
			buildActionMask = 2147483647;
			files = (
				795FE23026E39459006EFBCC /* vertretungsplan_pguUITests.swift in Sources */,
			);
			runOnlyForDeploymentPostprocessing = 0;
		};
/* End PBXSourcesBuildPhase section */

/* Begin PBXTargetDependency section */
		795FE22226E39459006EFBCC /* PBXTargetDependency */ = {
			isa = PBXTargetDependency;
			target = 795FE20E26E39454006EFBCC /* vertretungsplan-pgu */;
			targetProxy = 795FE22126E39459006EFBCC /* PBXContainerItemProxy */;
		};
		795FE22D26E39459006EFBCC /* PBXTargetDependency */ = {
			isa = PBXTargetDependency;
			target = 795FE20E26E39454006EFBCC /* vertretungsplan-pgu */;
			targetProxy = 795FE22C26E39459006EFBCC /* PBXContainerItemProxy */;
		};
/* End PBXTargetDependency section */

/* Begin XCBuildConfiguration section */
		795FE23226E39459006EFBCC /* Debug */ = {
			isa = XCBuildConfiguration;
			buildSettings = {
				ALWAYS_SEARCH_USER_PATHS = NO;
				CLANG_ANALYZER_NONNULL = YES;
				CLANG_ANALYZER_NUMBER_OBJECT_CONVERSION = YES_AGGRESSIVE;
				CLANG_CXX_LANGUAGE_STANDARD = "gnu++14";
				CLANG_CXX_LIBRARY = "libc++";
				CLANG_ENABLE_MODULES = YES;
				CLANG_ENABLE_OBJC_ARC = YES;
				CLANG_ENABLE_OBJC_WEAK = YES;
				CLANG_WARN_BLOCK_CAPTURE_AUTORELEASING = YES;
				CLANG_WARN_BOOL_CONVERSION = YES;
				CLANG_WARN_COMMA = YES;
				CLANG_WARN_CONSTANT_CONVERSION = YES;
				CLANG_WARN_DEPRECATED_OBJC_IMPLEMENTATIONS = YES;
				CLANG_WARN_DIRECT_OBJC_ISA_USAGE = YES_ERROR;
				CLANG_WARN_DOCUMENTATION_COMMENTS = YES;
				CLANG_WARN_EMPTY_BODY = YES;
				CLANG_WARN_ENUM_CONVERSION = YES;
				CLANG_WARN_INFINITE_RECURSION = YES;
				CLANG_WARN_INT_CONVERSION = YES;
				CLANG_WARN_NON_LITERAL_NULL_CONVERSION = YES;
				CLANG_WARN_OBJC_IMPLICIT_RETAIN_SELF = YES;
				CLANG_WARN_OBJC_LITERAL_CONVERSION = YES;
				CLANG_WARN_OBJC_ROOT_CLASS = YES_ERROR;
				CLANG_WARN_QUOTED_INCLUDE_IN_FRAMEWORK_HEADER = YES;
				CLANG_WARN_RANGE_LOOP_ANALYSIS = YES;
				CLANG_WARN_STRICT_PROTOTYPES = YES;
				CLANG_WARN_SUSPICIOUS_MOVE = YES;
				CLANG_WARN_UNGUARDED_AVAILABILITY = YES_AGGRESSIVE;
				CLANG_WARN_UNREACHABLE_CODE = YES;
				CLANG_WARN__DUPLICATE_METHOD_MATCH = YES;
				COPY_PHASE_STRIP = NO;
				DEBUG_INFORMATION_FORMAT = dwarf;
				ENABLE_STRICT_OBJC_MSGSEND = YES;
				ENABLE_TESTABILITY = YES;
				GCC_C_LANGUAGE_STANDARD = gnu11;
				GCC_DYNAMIC_NO_PIC = NO;
				GCC_NO_COMMON_BLOCKS = YES;
				GCC_OPTIMIZATION_LEVEL = 0;
				GCC_PREPROCESSOR_DEFINITIONS = (
					"DEBUG=1",
					"$(inherited)",
				);
				GCC_WARN_64_TO_32_BIT_CONVERSION = YES;
				GCC_WARN_ABOUT_RETURN_TYPE = YES_ERROR;
				GCC_WARN_UNDECLARED_SELECTOR = YES;
				GCC_WARN_UNINITIALIZED_AUTOS = YES_AGGRESSIVE;
				GCC_WARN_UNUSED_FUNCTION = YES;
				GCC_WARN_UNUSED_VARIABLE = YES;
				IPHONEOS_DEPLOYMENT_TARGET = 14.5;
				MTL_ENABLE_DEBUG_INFO = INCLUDE_SOURCE;
				MTL_FAST_MATH = YES;
				ONLY_ACTIVE_ARCH = YES;
				SDKROOT = iphoneos;
				SWIFT_ACTIVE_COMPILATION_CONDITIONS = DEBUG;
				SWIFT_OPTIMIZATION_LEVEL = "-Onone";
			};
			name = Debug;
		};
		795FE23326E39459006EFBCC /* Release */ = {
			isa = XCBuildConfiguration;
			buildSettings = {
				ALWAYS_SEARCH_USER_PATHS = NO;
				CLANG_ANALYZER_NONNULL = YES;
				CLANG_ANALYZER_NUMBER_OBJECT_CONVERSION = YES_AGGRESSIVE;
				CLANG_CXX_LANGUAGE_STANDARD = "gnu++14";
				CLANG_CXX_LIBRARY = "libc++";
				CLANG_ENABLE_MODULES = YES;
				CLANG_ENABLE_OBJC_ARC = YES;
				CLANG_ENABLE_OBJC_WEAK = YES;
				CLANG_WARN_BLOCK_CAPTURE_AUTORELEASING = YES;
				CLANG_WARN_BOOL_CONVERSION = YES;
				CLANG_WARN_COMMA = YES;
				CLANG_WARN_CONSTANT_CONVERSION = YES;
				CLANG_WARN_DEPRECATED_OBJC_IMPLEMENTATIONS = YES;
				CLANG_WARN_DIRECT_OBJC_ISA_USAGE = YES_ERROR;
				CLANG_WARN_DOCUMENTATION_COMMENTS = YES;
				CLANG_WARN_EMPTY_BODY = YES;
				CLANG_WARN_ENUM_CONVERSION = YES;
				CLANG_WARN_INFINITE_RECURSION = YES;
				CLANG_WARN_INT_CONVERSION = YES;
				CLANG_WARN_NON_LITERAL_NULL_CONVERSION = YES;
				CLANG_WARN_OBJC_IMPLICIT_RETAIN_SELF = YES;
				CLANG_WARN_OBJC_LITERAL_CONVERSION = YES;
				CLANG_WARN_OBJC_ROOT_CLASS = YES_ERROR;
				CLANG_WARN_QUOTED_INCLUDE_IN_FRAMEWORK_HEADER = YES;
				CLANG_WARN_RANGE_LOOP_ANALYSIS = YES;
				CLANG_WARN_STRICT_PROTOTYPES = YES;
				CLANG_WARN_SUSPICIOUS_MOVE = YES;
				CLANG_WARN_UNGUARDED_AVAILABILITY = YES_AGGRESSIVE;
				CLANG_WARN_UNREACHABLE_CODE = YES;
				CLANG_WARN__DUPLICATE_METHOD_MATCH = YES;
				COPY_PHASE_STRIP = NO;
				DEBUG_INFORMATION_FORMAT = "dwarf-with-dsym";
				ENABLE_NS_ASSERTIONS = NO;
				ENABLE_STRICT_OBJC_MSGSEND = YES;
				GCC_C_LANGUAGE_STANDARD = gnu11;
				GCC_NO_COMMON_BLOCKS = YES;
				GCC_WARN_64_TO_32_BIT_CONVERSION = YES;
				GCC_WARN_ABOUT_RETURN_TYPE = YES_ERROR;
				GCC_WARN_UNDECLARED_SELECTOR = YES;
				GCC_WARN_UNINITIALIZED_AUTOS = YES_AGGRESSIVE;
				GCC_WARN_UNUSED_FUNCTION = YES;
				GCC_WARN_UNUSED_VARIABLE = YES;
				IPHONEOS_DEPLOYMENT_TARGET = 14.5;
				MTL_ENABLE_DEBUG_INFO = NO;
				MTL_FAST_MATH = YES;
				SDKROOT = iphoneos;
				SWIFT_COMPILATION_MODE = wholemodule;
				SWIFT_OPTIMIZATION_LEVEL = "-O";
				VALIDATE_PRODUCT = YES;
			};
			name = Release;
		};
		795FE23526E39459006EFBCC /* Debug */ = {
			isa = XCBuildConfiguration;
			buildSettings = {
				ASSETCATALOG_COMPILER_APPICON_NAME = AppIcon;
				ASSETCATALOG_COMPILER_GLOBAL_ACCENT_COLOR_NAME = AccentColor;
				CODE_SIGN_STYLE = Automatic;
				DEVELOPMENT_ASSET_PATHS = "\"vertretungsplan-pgu/Preview Content\"";
				DEVELOPMENT_TEAM = AGE6GEC4L4;
				ENABLE_PREVIEWS = YES;
				INFOPLIST_FILE = "vertretungsplan-pgu/Info.plist";
				IPHONEOS_DEPLOYMENT_TARGET = 15.0;
				LD_RUNPATH_SEARCH_PATHS = (
					"$(inherited)",
					"@executable_path/Frameworks",
				);
				PRODUCT_BUNDLE_IDENTIFIER = "de.jonasfriederichs.vertretungsplan-pgu";
				PRODUCT_NAME = "$(TARGET_NAME)";
				SWIFT_VERSION = 5.0;
				TARGETED_DEVICE_FAMILY = "1,2";
			};
			name = Debug;
		};
		795FE23626E39459006EFBCC /* Release */ = {
			isa = XCBuildConfiguration;
			buildSettings = {
				ASSETCATALOG_COMPILER_APPICON_NAME = AppIcon;
				ASSETCATALOG_COMPILER_GLOBAL_ACCENT_COLOR_NAME = AccentColor;
				CODE_SIGN_STYLE = Automatic;
				DEVELOPMENT_ASSET_PATHS = "\"vertretungsplan-pgu/Preview Content\"";
				DEVELOPMENT_TEAM = AGE6GEC4L4;
				ENABLE_PREVIEWS = YES;
				INFOPLIST_FILE = "vertretungsplan-pgu/Info.plist";
				IPHONEOS_DEPLOYMENT_TARGET = 15.0;
				LD_RUNPATH_SEARCH_PATHS = (
					"$(inherited)",
					"@executable_path/Frameworks",
				);
				PRODUCT_BUNDLE_IDENTIFIER = "de.jonasfriederichs.vertretungsplan-pgu";
				PRODUCT_NAME = "$(TARGET_NAME)";
				SWIFT_VERSION = 5.0;
				TARGETED_DEVICE_FAMILY = "1,2";
			};
			name = Release;
		};
		795FE23826E39459006EFBCC /* Debug */ = {
			isa = XCBuildConfiguration;
			buildSettings = {
				ALWAYS_EMBED_SWIFT_STANDARD_LIBRARIES = YES;
				BUNDLE_LOADER = "$(TEST_HOST)";
				CODE_SIGN_STYLE = Automatic;
				DEVELOPMENT_TEAM = AGE6GEC4L4;
				INFOPLIST_FILE = "vertretungsplan-pguTests/Info.plist";
				IPHONEOS_DEPLOYMENT_TARGET = 14.0;
				LD_RUNPATH_SEARCH_PATHS = (
					"$(inherited)",
					"@executable_path/Frameworks",
					"@loader_path/Frameworks",
				);
				PRODUCT_BUNDLE_IDENTIFIER = "de.jonasfriederichs.vertretungsplan-pguTests";
				PRODUCT_NAME = "$(TARGET_NAME)";
				SWIFT_VERSION = 5.0;
				TARGETED_DEVICE_FAMILY = "1,2";
				TEST_HOST = "$(BUILT_PRODUCTS_DIR)/vertretungsplan-pgu.app/vertretungsplan-pgu";
			};
			name = Debug;
		};
		795FE23926E39459006EFBCC /* Release */ = {
			isa = XCBuildConfiguration;
			buildSettings = {
				ALWAYS_EMBED_SWIFT_STANDARD_LIBRARIES = YES;
				BUNDLE_LOADER = "$(TEST_HOST)";
				CODE_SIGN_STYLE = Automatic;
				DEVELOPMENT_TEAM = AGE6GEC4L4;
				INFOPLIST_FILE = "vertretungsplan-pguTests/Info.plist";
				IPHONEOS_DEPLOYMENT_TARGET = 14.0;
				LD_RUNPATH_SEARCH_PATHS = (
					"$(inherited)",
					"@executable_path/Frameworks",
					"@loader_path/Frameworks",
				);
				PRODUCT_BUNDLE_IDENTIFIER = "de.jonasfriederichs.vertretungsplan-pguTests";
				PRODUCT_NAME = "$(TARGET_NAME)";
				SWIFT_VERSION = 5.0;
				TARGETED_DEVICE_FAMILY = "1,2";
				TEST_HOST = "$(BUILT_PRODUCTS_DIR)/vertretungsplan-pgu.app/vertretungsplan-pgu";
			};
			name = Release;
		};
		795FE23B26E39459006EFBCC /* Debug */ = {
			isa = XCBuildConfiguration;
			buildSettings = {
				ALWAYS_EMBED_SWIFT_STANDARD_LIBRARIES = YES;
				CODE_SIGN_STYLE = Automatic;
				DEVELOPMENT_TEAM = AGE6GEC4L4;
				INFOPLIST_FILE = "vertretungsplan-pguUITests/Info.plist";
				LD_RUNPATH_SEARCH_PATHS = (
					"$(inherited)",
					"@executable_path/Frameworks",
					"@loader_path/Frameworks",
				);
				PRODUCT_BUNDLE_IDENTIFIER = "de.jonasfriederichs.vertretungsplan-pguUITests";
				PRODUCT_NAME = "$(TARGET_NAME)";
				SWIFT_VERSION = 5.0;
				TARGETED_DEVICE_FAMILY = "1,2";
				TEST_TARGET_NAME = "vertretungsplan-pgu";
			};
			name = Debug;
		};
		795FE23C26E39459006EFBCC /* Release */ = {
			isa = XCBuildConfiguration;
			buildSettings = {
				ALWAYS_EMBED_SWIFT_STANDARD_LIBRARIES = YES;
				CODE_SIGN_STYLE = Automatic;
				DEVELOPMENT_TEAM = AGE6GEC4L4;
				INFOPLIST_FILE = "vertretungsplan-pguUITests/Info.plist";
				LD_RUNPATH_SEARCH_PATHS = (
					"$(inherited)",
					"@executable_path/Frameworks",
					"@loader_path/Frameworks",
				);
				PRODUCT_BUNDLE_IDENTIFIER = "de.jonasfriederichs.vertretungsplan-pguUITests";
				PRODUCT_NAME = "$(TARGET_NAME)";
				SWIFT_VERSION = 5.0;
				TARGETED_DEVICE_FAMILY = "1,2";
				TEST_TARGET_NAME = "vertretungsplan-pgu";
			};
			name = Release;
		};
/* End XCBuildConfiguration section */

/* Begin XCConfigurationList section */
		795FE20A26E39454006EFBCC /* Build configuration list for PBXProject "vertretungsplan-pgu" */ = {
			isa = XCConfigurationList;
			buildConfigurations = (
				795FE23226E39459006EFBCC /* Debug */,
				795FE23326E39459006EFBCC /* Release */,
			);
			defaultConfigurationIsVisible = 0;
			defaultConfigurationName = Release;
		};
		795FE23426E39459006EFBCC /* Build configuration list for PBXNativeTarget "vertretungsplan-pgu" */ = {
			isa = XCConfigurationList;
			buildConfigurations = (
				795FE23526E39459006EFBCC /* Debug */,
				795FE23626E39459006EFBCC /* Release */,
			);
			defaultConfigurationIsVisible = 0;
			defaultConfigurationName = Release;
		};
		795FE23726E39459006EFBCC /* Build configuration list for PBXNativeTarget "vertretungsplan-pguTests" */ = {
			isa = XCConfigurationList;
			buildConfigurations = (
				795FE23826E39459006EFBCC /* Debug */,
				795FE23926E39459006EFBCC /* Release */,
			);
			defaultConfigurationIsVisible = 0;
			defaultConfigurationName = Release;
		};
		795FE23A26E39459006EFBCC /* Build configuration list for PBXNativeTarget "vertretungsplan-pguUITests" */ = {
			isa = XCConfigurationList;
			buildConfigurations = (
				795FE23B26E39459006EFBCC /* Debug */,
				795FE23C26E39459006EFBCC /* Release */,
			);
			defaultConfigurationIsVisible = 0;
			defaultConfigurationName = Release;
		};
/* End XCConfigurationList section */
	};
	rootObject = 795FE20726E39454006EFBCC /* Project object */;
}
